
Microsoft Visual Studio Solution File, Format Version 12.00
# Visual Studio Version 17
VisualStudioVersion = 17.4.33213.308
MinimumVisualStudioVersion = 10.0.40219.1
Project("{FAE04EC0-301F-11D3-BF4B-00C04F79EFBC}") = "Actividad Asincrona Semana 5 Bucle For", "Actividad Asincrona Semana 5 Bucle For\Actividad Asincrona Semana 5 Bucle For.csproj", "{6117689C-8315-47D0-8A56-EB3623C25CB4}"
EndProject
Global
	GlobalSection(SolutionConfigurationPlatforms) = preSolution
		Debug|Any CPU = Debug|Any CPU
		Release|Any CPU = Release|Any CPU
	EndGlobalSection
	GlobalSection(ProjectConfigurationPlatforms) = postSolution
		{6117689C-8315-47D0-8A56-EB3623C25CB4}.Debug|Any CPU.ActiveCfg = Debug|Any CPU
		{6117689C-8315-47D0-8A56-EB3623C25CB4}.Debug|Any CPU.Build.0 = Debug|Any CPU
		{6117689C-8315-47D0-8A56-EB3623C25CB4}.Release|Any CPU.ActiveCfg = Release|Any CPU
		{6117689C-8315-47D0-8A56-EB3623C25CB4}.Release|Any CPU.Build.0 = Release|Any CPU
	EndGlobalSection
	GlobalSection(SolutionProperties) = preSolution
		HideSolutionNode = FALSE
	EndGlobalSection
	GlobalSection(ExtensibilityGlobals) = postSolution
		SolutionGuid = {4D506743-5065-4333-A43B-03A54194B2F8}
	EndGlobalSection
EndGlobal
